
Microsoft Visual Studio Solution File, Format Version 12.00
# Visual Studio Version 17
VisualStudioVersion = 17.11.35312.102
MinimumVisualStudioVersion = 10.0.40219.1
Project("{9092AA53-FB77-4645-B42D-1CCCA6BD08BD}") = "TypeScript-Fullstack-Developer-Training", "TypeScript-Fullstack-Developer-Training.njsproj", "{97F752A2-B146-402B-8AE9-06824744E52C}"
EndProject
Global
	GlobalSection(SolutionConfigurationPlatforms) = preSolution
		Debug|Any CPU = Debug|Any CPU
		Release|Any CPU = Release|Any CPU
	EndGlobalSection
	GlobalSection(ProjectConfigurationPlatforms) = postSolution
		{97F752A2-B146-402B-8AE9-06824744E52C}.Debug|Any CPU.ActiveCfg = Debug|Any CPU
		{97F752A2-B146-402B-8AE9-06824744E52C}.Debug|Any CPU.Build.0 = Debug|Any CPU
		{97F752A2-B146-402B-8AE9-06824744E52C}.Release|Any CPU.ActiveCfg = Release|Any CPU
		{97F752A2-B146-402B-8AE9-06824744E52C}.Release|Any CPU.Build.0 = Release|Any CPU
	EndGlobalSection
	GlobalSection(SolutionProperties) = preSolution
		HideSolutionNode = FALSE
	EndGlobalSection
	GlobalSection(ExtensibilityGlobals) = postSolution
		SolutionGuid = {44A0FB96-3B4E-4D4D-97EF-D27C25D2665E}
	EndGlobalSection
EndGlobal
